
Microsoft Visual Studio Solution File, Format Version 12.00
# Visual Studio Version 16
VisualStudioVersion = 16.0.30413.136
MinimumVisualStudioVersion = 10.0.40219.1
Project("{FAE04EC0-301F-11D3-BF4B-00C04F79EFBC}") = "Generics", "Generics.csproj", "{208F01C1-EEAE-4A8A-88CD-89289EBCA147}"
EndProject
Global
	GlobalSection(SolutionConfigurationPlatforms) = preSolution
		Debug|Any CPU = Debug|Any CPU
		Release|Any CPU = Release|Any CPU
	EndGlobalSection
	GlobalSection(ProjectConfigurationPlatforms) = postSolution
		{208F01C1-EEAE-4A8A-88CD-89289EBCA147}.Debug|Any CPU.ActiveCfg = Debug|Any CPU
		{208F01C1-EEAE-4A8A-88CD-89289EBCA147}.Debug|Any CPU.Build.0 = Debug|Any CPU
		{208F01C1-EEAE-4A8A-88CD-89289EBCA147}.Release|Any CPU.ActiveCfg = Release|Any CPU
		{208F01C1-EEAE-4A8A-88CD-89289EBCA147}.Release|Any CPU.Build.0 = Release|Any CPU
	EndGlobalSection
	GlobalSection(SolutionProperties) = preSolution
		HideSolutionNode = FALSE
	EndGlobalSection
	GlobalSection(ExtensibilityGlobals) = postSolution
		SolutionGuid = {858C1AE6-BE65-4981-B088-2ED1801AB99F}
	EndGlobalSection
EndGlobal
